
Microsoft Visual Studio Solution File, Format Version 12.00
# Visual Studio Version 16
VisualStudioVersion = 16.0.30503.244
MinimumVisualStudioVersion = 10.0.40219.1
Project("{9A19103F-16F7-4668-BE54-9A1E7A4F7556}") = "BareEssentials", "BareEssentials\BareEssentials.csproj", "{DAFB7851-472B-4F53-A430-6D8D9E9D7FB7}"
EndProject
Project("{9A19103F-16F7-4668-BE54-9A1E7A4F7556}") = "MeleeEnlarger", "MeleeEnlarger\MeleeEnlarger.csproj", "{6AE05D82-5F2A-4A11-ADE5-15BA13C6BC90}"
EndProject
Project("{9A19103F-16F7-4668-BE54-9A1E7A4F7556}") = "BossFightLives", "BossFightLives\BossFightLives.csproj", "{8C1F45B2-7417-4B63-8742-A3DA515806DD}"
EndProject
Project("{9A19103F-16F7-4668-BE54-9A1E7A4F7556}") = "QuickSwap", "QuickSwap\QuickSwap.csproj", "{C1B39BE8-2A3B-4FCB-A12A-98947B464EE0}"
EndProject
Project("{9A19103F-16F7-4668-BE54-9A1E7A4F7556}") = "HomeAltar", "HomeAltar\HomeAltar.csproj", "{1881D436-C21F-4C2D-A005-DD1A375A927B}"
EndProject
Project("{9A19103F-16F7-4668-BE54-9A1E7A4F7556}") = "BagOfSand", "BagOfSand\BagOfSand.csproj", "{14D96A24-E2A9-49E5-BD2D-7696BF0529C8}"
EndProject
Project("{9A19103F-16F7-4668-BE54-9A1E7A4F7556}") = "CelestialControl", "CelestialControl\CelestialControl.csproj", "{8BAB20FA-23A0-47F9-8BFC-BDC20AF8DE66}"
EndProject
Project("{9A19103F-16F7-4668-BE54-9A1E7A4F7556}") = "HordePotion", "HordePotion\HordePotion.csproj", "{E8BDBE01-B2DB-405A-8F7C-5293910E0BF1}"
EndProject
Project("{9A19103F-16F7-4668-BE54-9A1E7A4F7556}") = "MirrorOfRemorse", "MirrorOfRemorse\MirrorOfRemorse.csproj", "{81472E97-0893-4ACD-9A0A-A9928EBCAF1B}"
EndProject
Project("{9A19103F-16F7-4668-BE54-9A1E7A4F7556}") = "PeacePotion", "PeacePotion\PeacePotion.csproj", "{2D925D96-7570-4B67-A6E6-4E1A3E4EF67F}"
EndProject
Project("{9A19103F-16F7-4668-BE54-9A1E7A4F7556}") = "RainDoll", "RainDoll\RainDoll.csproj", "{890F8804-58D7-49D1-B620-7C2489623012}"
EndProject
Project("{9A19103F-16F7-4668-BE54-9A1E7A4F7556}") = "RubyMedallion", "RubyMedallion\RubyMedallion.csproj", "{A00C1ADA-1682-4CE3-BD69-B574A0496DE3}"
EndProject
Project("{2150E333-8FDC-42A3-9474-1A3956D46DE8}") = "Items", "Items", "{F92F81E5-FFE5-48BE-B61C-9B18802C28DB}"
EndProject
Global
	GlobalSection(SolutionConfigurationPlatforms) = preSolution
		Debug|Any CPU = Debug|Any CPU
		Release|Any CPU = Release|Any CPU
	EndGlobalSection
	GlobalSection(ProjectConfigurationPlatforms) = postSolution
		{DAFB7851-472B-4F53-A430-6D8D9E9D7FB7}.Debug|Any CPU.ActiveCfg = Debug|Any CPU
		{DAFB7851-472B-4F53-A430-6D8D9E9D7FB7}.Debug|Any CPU.Build.0 = Debug|Any CPU
		{DAFB7851-472B-4F53-A430-6D8D9E9D7FB7}.Release|Any CPU.ActiveCfg = Release|Any CPU
		{DAFB7851-472B-4F53-A430-6D8D9E9D7FB7}.Release|Any CPU.Build.0 = Release|Any CPU
		{6AE05D82-5F2A-4A11-ADE5-15BA13C6BC90}.Debug|Any CPU.ActiveCfg = Debug|Any CPU
		{6AE05D82-5F2A-4A11-ADE5-15BA13C6BC90}.Debug|Any CPU.Build.0 = Debug|Any CPU
		{6AE05D82-5F2A-4A11-ADE5-15BA13C6BC90}.Release|Any CPU.ActiveCfg = Release|Any CPU
		{6AE05D82-5F2A-4A11-ADE5-15BA13C6BC90}.Release|Any CPU.Build.0 = Release|Any CPU
		{8C1F45B2-7417-4B63-8742-A3DA515806DD}.Debug|Any CPU.ActiveCfg = Debug|Any CPU
		{8C1F45B2-7417-4B63-8742-A3DA515806DD}.Debug|Any CPU.Build.0 = Debug|Any CPU
		{8C1F45B2-7417-4B63-8742-A3DA515806DD}.Release|Any CPU.ActiveCfg = Release|Any CPU
		{8C1F45B2-7417-4B63-8742-A3DA515806DD}.Release|Any CPU.Build.0 = Release|Any CPU
		{C1B39BE8-2A3B-4FCB-A12A-98947B464EE0}.Debug|Any CPU.ActiveCfg = Debug|Any CPU
		{C1B39BE8-2A3B-4FCB-A12A-98947B464EE0}.Debug|Any CPU.Build.0 = Debug|Any CPU
		{C1B39BE8-2A3B-4FCB-A12A-98947B464EE0}.Release|Any CPU.ActiveCfg = Release|Any CPU
		{C1B39BE8-2A3B-4FCB-A12A-98947B464EE0}.Release|Any CPU.Build.0 = Release|Any CPU
		{1881D436-C21F-4C2D-A005-DD1A375A927B}.Debug|Any CPU.ActiveCfg = Debug|Any CPU
		{1881D436-C21F-4C2D-A005-DD1A375A927B}.Debug|Any CPU.Build.0 = Debug|Any CPU
		{1881D436-C21F-4C2D-A005-DD1A375A927B}.Release|Any CPU.ActiveCfg = Release|Any CPU
		{1881D436-C21F-4C2D-A005-DD1A375A927B}.Release|Any CPU.Build.0 = Release|Any CPU
		{14D96A24-E2A9-49E5-BD2D-7696BF0529C8}.Debug|Any CPU.ActiveCfg = Debug|Any CPU
		{14D96A24-E2A9-49E5-BD2D-7696BF0529C8}.Debug|Any CPU.Build.0 = Debug|Any CPU
		{14D96A24-E2A9-49E5-BD2D-7696BF0529C8}.Release|Any CPU.ActiveCfg = Release|Any CPU
		{14D96A24-E2A9-49E5-BD2D-7696BF0529C8}.Release|Any CPU.Build.0 = Release|Any CPU
		{8BAB20FA-23A0-47F9-8BFC-BDC20AF8DE66}.Debug|Any CPU.ActiveCfg = Debug|Any CPU
		{8BAB20FA-23A0-47F9-8BFC-BDC20AF8DE66}.Debug|Any CPU.Build.0 = Debug|Any CPU
		{8BAB20FA-23A0-47F9-8BFC-BDC20AF8DE66}.Release|Any CPU.ActiveCfg = Release|Any CPU
		{8BAB20FA-23A0-47F9-8BFC-BDC20AF8DE66}.Release|Any CPU.Build.0 = Release|Any CPU
		{E8BDBE01-B2DB-405A-8F7C-5293910E0BF1}.Debug|Any CPU.ActiveCfg = Debug|Any CPU
		{E8BDBE01-B2DB-405A-8F7C-5293910E0BF1}.Debug|Any CPU.Build.0 = Debug|Any CPU
		{E8BDBE01-B2DB-405A-8F7C-5293910E0BF1}.Release|Any CPU.ActiveCfg = Release|Any CPU
		{E8BDBE01-B2DB-405A-8F7C-5293910E0BF1}.Release|Any CPU.Build.0 = Release|Any CPU
		{81472E97-0893-4ACD-9A0A-A9928EBCAF1B}.Debug|Any CPU.ActiveCfg = Debug|Any CPU
		{81472E97-0893-4ACD-9A0A-A9928EBCAF1B}.Debug|Any CPU.Build.0 = Debug|Any CPU
		{81472E97-0893-4ACD-9A0A-A9928EBCAF1B}.Release|Any CPU.ActiveCfg = Release|Any CPU
		{81472E97-0893-4ACD-9A0A-A9928EBCAF1B}.Release|Any CPU.Build.0 = Release|Any CPU
		{2D925D96-7570-4B67-A6E6-4E1A3E4EF67F}.Debug|Any CPU.ActiveCfg = Debug|Any CPU
		{2D925D96-7570-4B67-A6E6-4E1A3E4EF67F}.Debug|Any CPU.Build.0 = Debug|Any CPU
		{2D925D96-7570-4B67-A6E6-4E1A3E4EF67F}.Release|Any CPU.ActiveCfg = Release|Any CPU
		{2D925D96-7570-4B67-A6E6-4E1A3E4EF67F}.Release|Any CPU.Build.0 = Release|Any CPU
		{890F8804-58D7-49D1-B620-7C2489623012}.Debug|Any CPU.ActiveCfg = Debug|Any CPU
		{890F8804-58D7-49D1-B620-7C2489623012}.Debug|Any CPU.Build.0 = Debug|Any CPU
		{890F8804-58D7-49D1-B620-7C2489623012}.Release|Any CPU.ActiveCfg = Release|Any CPU
		{890F8804-58D7-49D1-B620-7C2489623012}.Release|Any CPU.Build.0 = Release|Any CPU
		{A00C1ADA-1682-4CE3-BD69-B574A0496DE3}.Debug|Any CPU.ActiveCfg = Debug|Any CPU
		{A00C1ADA-1682-4CE3-BD69-B574A0496DE3}.Debug|Any CPU.Build.0 = Debug|Any CPU
		{A00C1ADA-1682-4CE3-BD69-B574A0496DE3}.Release|Any CPU.ActiveCfg = Release|Any CPU
		{A00C1ADA-1682-4CE3-BD69-B574A0496DE3}.Release|Any CPU.Build.0 = Release|Any CPU
	EndGlobalSection
	GlobalSection(SolutionProperties) = preSolution
		HideSolutionNode = FALSE
	EndGlobalSection
	GlobalSection(NestedProjects) = preSolution
		{6AE05D82-5F2A-4A11-ADE5-15BA13C6BC90} = {F92F81E5-FFE5-48BE-B61C-9B18802C28DB}
		{1881D436-C21F-4C2D-A005-DD1A375A927B} = {F92F81E5-FFE5-48BE-B61C-9B18802C28DB}
		{14D96A24-E2A9-49E5-BD2D-7696BF0529C8} = {F92F81E5-FFE5-48BE-B61C-9B18802C28DB}
		{8BAB20FA-23A0-47F9-8BFC-BDC20AF8DE66} = {F92F81E5-FFE5-48BE-B61C-9B18802C28DB}
		{E8BDBE01-B2DB-405A-8F7C-5293910E0BF1} = {F92F81E5-FFE5-48BE-B61C-9B18802C28DB}
		{81472E97-0893-4ACD-9A0A-A9928EBCAF1B} = {F92F81E5-FFE5-48BE-B61C-9B18802C28DB}
		{2D925D96-7570-4B67-A6E6-4E1A3E4EF67F} = {F92F81E5-FFE5-48BE-B61C-9B18802C28DB}
		{890F8804-58D7-49D1-B620-7C2489623012} = {F92F81E5-FFE5-48BE-B61C-9B18802C28DB}
		{A00C1ADA-1682-4CE3-BD69-B574A0496DE3} = {F92F81E5-FFE5-48BE-B61C-9B18802C28DB}
	EndGlobalSection
	GlobalSection(ExtensibilityGlobals) = postSolution
		SolutionGuid = {7837732B-55CC-431E-B6B5-D79845283E25}
	EndGlobalSection
EndGlobal
